
Microsoft Visual Studio Solution File, Format Version 12.00
# Visual Studio Version 16
VisualStudioVersion = 16.0.29409.12
MinimumVisualStudioVersion = 10.0.40219.1
Project("{9A19103F-16F7-4668-BE54-9A1E7A4F7556}") = "CardsAgainstHumanity.API", "CardsAgainstHumanity.API\CardsAgainstHumanity.API.csproj", "{55C2D583-48C4-4223-B3C2-EA75FFB32B50}"
EndProject
Project("{9A19103F-16F7-4668-BE54-9A1E7A4F7556}") = "CardsAgainstHumanity.Models", "CardsAgainstHumanity.Models\CardsAgainstHumanity.Models.csproj", "{6844F25D-0BAB-4967-8C09-AEB2E42EE565}"
EndProject
Project("{FAE04EC0-301F-11D3-BF4B-00C04F79EFBC}") = "CardsAgainstHumanityNoSQL.Models", "CardsAgainstHumanityNoSQL.Models\CardsAgainstHumanityNoSQL.Models.csproj", "{F16F0CFC-F9AF-4216-830F-79396279E4BC}"
EndProject
Global
	GlobalSection(SolutionConfigurationPlatforms) = preSolution
		Debug|Any CPU = Debug|Any CPU
		Release|Any CPU = Release|Any CPU
	EndGlobalSection
	GlobalSection(ProjectConfigurationPlatforms) = postSolution
		{55C2D583-48C4-4223-B3C2-EA75FFB32B50}.Debug|Any CPU.ActiveCfg = Debug|Any CPU
		{55C2D583-48C4-4223-B3C2-EA75FFB32B50}.Debug|Any CPU.Build.0 = Debug|Any CPU
		{55C2D583-48C4-4223-B3C2-EA75FFB32B50}.Release|Any CPU.ActiveCfg = Release|Any CPU
		{55C2D583-48C4-4223-B3C2-EA75FFB32B50}.Release|Any CPU.Build.0 = Release|Any CPU
		{6844F25D-0BAB-4967-8C09-AEB2E42EE565}.Debug|Any CPU.ActiveCfg = Debug|Any CPU
		{6844F25D-0BAB-4967-8C09-AEB2E42EE565}.Debug|Any CPU.Build.0 = Debug|Any CPU
		{6844F25D-0BAB-4967-8C09-AEB2E42EE565}.Release|Any CPU.ActiveCfg = Release|Any CPU
		{6844F25D-0BAB-4967-8C09-AEB2E42EE565}.Release|Any CPU.Build.0 = Release|Any CPU
		{F16F0CFC-F9AF-4216-830F-79396279E4BC}.Debug|Any CPU.ActiveCfg = Debug|Any CPU
		{F16F0CFC-F9AF-4216-830F-79396279E4BC}.Debug|Any CPU.Build.0 = Debug|Any CPU
		{F16F0CFC-F9AF-4216-830F-79396279E4BC}.Release|Any CPU.ActiveCfg = Release|Any CPU
		{F16F0CFC-F9AF-4216-830F-79396279E4BC}.Release|Any CPU.Build.0 = Release|Any CPU
	EndGlobalSection
	GlobalSection(SolutionProperties) = preSolution
		HideSolutionNode = FALSE
	EndGlobalSection
	GlobalSection(ExtensibilityGlobals) = postSolution
		SolutionGuid = {10E0BFE4-EEBB-42EB-AF7B-6A6FFD5E5FBE}
	EndGlobalSection
EndGlobal
